
Microsoft Visual Studio Solution File, Format Version 12.00
# Visual Studio Version 17
VisualStudioVersion = 17.3.32922.545
MinimumVisualStudioVersion = 10.0.40219.1
Project("{9A19103F-16F7-4668-BE54-9A1E7A4F7556}") = "CoreUygulamam", "CoreUygulamam\CoreUygulamam.csproj", "{2464F5BD-8C51-4727-82DF-7482C2E1D0BB}"
EndProject
Project("{9A19103F-16F7-4668-BE54-9A1E7A4F7556}") = "EntityLayer", "EntityLayer\EntityLayer.csproj", "{AE815803-CEC5-49F1-9D6C-BD381A6B64F6}"
EndProject
Project("{9A19103F-16F7-4668-BE54-9A1E7A4F7556}") = "DataAccessLayer", "DataAccessLayer\DataAccessLayer.csproj", "{33099106-B017-45B4-AAB5-2E24BEF42308}"
EndProject
Project("{9A19103F-16F7-4668-BE54-9A1E7A4F7556}") = "BusinessLayer", "BusinessLayer\BusinessLayer.csproj", "{E450D9EE-B2D6-43EA-A897-6463E32D0092}"
EndProject
Project("{9A19103F-16F7-4668-BE54-9A1E7A4F7556}") = "CoreLayer", "CoreLayer\CoreLayer.csproj", "{2D8327D6-30EC-49DA-B8FC-F2ED9F3EF98B}"
EndProject
Project("{FAE04EC0-301F-11D3-BF4B-00C04F79EFBC}") = "BlogApiUygulama", "BlogApiUygulaması\BlogApiUygulama.csproj", "{E7EFFEC0-670A-4B9A-938D-DAAEA36D93C1}"
EndProject
Global
	GlobalSection(SolutionConfigurationPlatforms) = preSolution
		Debug|Any CPU = Debug|Any CPU
		Release|Any CPU = Release|Any CPU
	EndGlobalSection
	GlobalSection(ProjectConfigurationPlatforms) = postSolution
		{2464F5BD-8C51-4727-82DF-7482C2E1D0BB}.Debug|Any CPU.ActiveCfg = Debug|Any CPU
		{2464F5BD-8C51-4727-82DF-7482C2E1D0BB}.Debug|Any CPU.Build.0 = Debug|Any CPU
		{2464F5BD-8C51-4727-82DF-7482C2E1D0BB}.Release|Any CPU.ActiveCfg = Release|Any CPU
		{2464F5BD-8C51-4727-82DF-7482C2E1D0BB}.Release|Any CPU.Build.0 = Release|Any CPU
		{AE815803-CEC5-49F1-9D6C-BD381A6B64F6}.Debug|Any CPU.ActiveCfg = Debug|Any CPU
		{AE815803-CEC5-49F1-9D6C-BD381A6B64F6}.Debug|Any CPU.Build.0 = Debug|Any CPU
		{AE815803-CEC5-49F1-9D6C-BD381A6B64F6}.Release|Any CPU.ActiveCfg = Release|Any CPU
		{AE815803-CEC5-49F1-9D6C-BD381A6B64F6}.Release|Any CPU.Build.0 = Release|Any CPU
		{33099106-B017-45B4-AAB5-2E24BEF42308}.Debug|Any CPU.ActiveCfg = Debug|Any CPU
		{33099106-B017-45B4-AAB5-2E24BEF42308}.Debug|Any CPU.Build.0 = Debug|Any CPU
		{33099106-B017-45B4-AAB5-2E24BEF42308}.Release|Any CPU.ActiveCfg = Release|Any CPU
		{33099106-B017-45B4-AAB5-2E24BEF42308}.Release|Any CPU.Build.0 = Release|Any CPU
		{E450D9EE-B2D6-43EA-A897-6463E32D0092}.Debug|Any CPU.ActiveCfg = Debug|Any CPU
		{E450D9EE-B2D6-43EA-A897-6463E32D0092}.Debug|Any CPU.Build.0 = Debug|Any CPU
		{E450D9EE-B2D6-43EA-A897-6463E32D0092}.Release|Any CPU.ActiveCfg = Release|Any CPU
		{E450D9EE-B2D6-43EA-A897-6463E32D0092}.Release|Any CPU.Build.0 = Release|Any CPU
		{2D8327D6-30EC-49DA-B8FC-F2ED9F3EF98B}.Debug|Any CPU.ActiveCfg = Debug|Any CPU
		{2D8327D6-30EC-49DA-B8FC-F2ED9F3EF98B}.Debug|Any CPU.Build.0 = Debug|Any CPU
		{2D8327D6-30EC-49DA-B8FC-F2ED9F3EF98B}.Release|Any CPU.ActiveCfg = Release|Any CPU
		{2D8327D6-30EC-49DA-B8FC-F2ED9F3EF98B}.Release|Any CPU.Build.0 = Release|Any CPU
		{E7EFFEC0-670A-4B9A-938D-DAAEA36D93C1}.Debug|Any CPU.ActiveCfg = Debug|Any CPU
		{E7EFFEC0-670A-4B9A-938D-DAAEA36D93C1}.Debug|Any CPU.Build.0 = Debug|Any CPU
		{E7EFFEC0-670A-4B9A-938D-DAAEA36D93C1}.Release|Any CPU.ActiveCfg = Release|Any CPU
		{E7EFFEC0-670A-4B9A-938D-DAAEA36D93C1}.Release|Any CPU.Build.0 = Release|Any CPU
	EndGlobalSection
	GlobalSection(SolutionProperties) = preSolution
		HideSolutionNode = FALSE
	EndGlobalSection
	GlobalSection(ExtensibilityGlobals) = postSolution
		SolutionGuid = {D2019BF2-46DF-46EF-AED8-7D4546719563}
	EndGlobalSection
EndGlobal
